
Microsoft Visual Studio Solution File, Format Version 12.00
# Visual Studio Version 16
VisualStudioVersion = 16.0.31019.35
MinimumVisualStudioVersion = 10.0.40219.1
Project("{9A19103F-16F7-4668-BE54-9A1E7A4F7556}") = "MeCrypt.WebApp", "MeCrypt.WebApp\MeCrypt.WebApp.csproj", "{1537B23C-CB82-40D4-B2CF-5FBA8D650692}"
EndProject
Project("{9A19103F-16F7-4668-BE54-9A1E7A4F7556}") = "MeCrypt.DataAccess", "MeCrypt.DataAccess\MeCrypt.DataAccess.csproj", "{997391BE-ADE6-4CAF-9779-AE31A169AF89}"
EndProject
Project("{2150E333-8FDC-42A3-9474-1A3956D46DE8}") = "ClientApp", "ClientApp", "{93202819-6F8E-489C-8050-146FD785BD1C}"
EndProject
Project("{2150E333-8FDC-42A3-9474-1A3956D46DE8}") = "DataAccess", "DataAccess", "{5AFB50E8-8104-42E3-A0F2-957561960804}"
EndProject
Project("{2150E333-8FDC-42A3-9474-1A3956D46DE8}") = "Domain", "Domain", "{BF37974D-D471-4DCE-8142-588215737D94}"
EndProject
Project("{2150E333-8FDC-42A3-9474-1A3956D46DE8}") = "Common", "Common", "{457F60E7-E148-44AC-86AF-670CF07FA85B}"
EndProject
Project("{9A19103F-16F7-4668-BE54-9A1E7A4F7556}") = "MeCrypt.Common", "MeCrypt.Common\MeCrypt.Common.csproj", "{88FA9A24-07DC-4D2E-941E-7FBB26A1E29B}"
EndProject
Project("{9A19103F-16F7-4668-BE54-9A1E7A4F7556}") = "MeCrypt.DataObjects", "Domain.DataObjects\MeCrypt.DataObjects.csproj", "{D86365F8-29F6-4AE0-8864-2ED591A493CE}"
EndProject
Project("{FAE04EC0-301F-11D3-BF4B-00C04F79EFBC}") = "MeCrypt.BusinessLogic", "MeCrypt.BusinessLogic\MeCrypt.BusinessLogic.csproj", "{349A5C15-D51E-4941-9C54-D7A7234E26A7}"
EndProject
Global
	GlobalSection(SolutionConfigurationPlatforms) = preSolution
		Debug|Any CPU = Debug|Any CPU
		Release|Any CPU = Release|Any CPU
	EndGlobalSection
	GlobalSection(ProjectConfigurationPlatforms) = postSolution
		{1537B23C-CB82-40D4-B2CF-5FBA8D650692}.Debug|Any CPU.ActiveCfg = Debug|Any CPU
		{1537B23C-CB82-40D4-B2CF-5FBA8D650692}.Debug|Any CPU.Build.0 = Debug|Any CPU
		{1537B23C-CB82-40D4-B2CF-5FBA8D650692}.Release|Any CPU.ActiveCfg = Release|Any CPU
		{1537B23C-CB82-40D4-B2CF-5FBA8D650692}.Release|Any CPU.Build.0 = Release|Any CPU
		{997391BE-ADE6-4CAF-9779-AE31A169AF89}.Debug|Any CPU.ActiveCfg = Debug|Any CPU
		{997391BE-ADE6-4CAF-9779-AE31A169AF89}.Debug|Any CPU.Build.0 = Debug|Any CPU
		{997391BE-ADE6-4CAF-9779-AE31A169AF89}.Release|Any CPU.ActiveCfg = Release|Any CPU
		{997391BE-ADE6-4CAF-9779-AE31A169AF89}.Release|Any CPU.Build.0 = Release|Any CPU
		{88FA9A24-07DC-4D2E-941E-7FBB26A1E29B}.Debug|Any CPU.ActiveCfg = Debug|Any CPU
		{88FA9A24-07DC-4D2E-941E-7FBB26A1E29B}.Debug|Any CPU.Build.0 = Debug|Any CPU
		{88FA9A24-07DC-4D2E-941E-7FBB26A1E29B}.Release|Any CPU.ActiveCfg = Release|Any CPU
		{88FA9A24-07DC-4D2E-941E-7FBB26A1E29B}.Release|Any CPU.Build.0 = Release|Any CPU
		{D86365F8-29F6-4AE0-8864-2ED591A493CE}.Debug|Any CPU.ActiveCfg = Debug|Any CPU
		{D86365F8-29F6-4AE0-8864-2ED591A493CE}.Debug|Any CPU.Build.0 = Debug|Any CPU
		{D86365F8-29F6-4AE0-8864-2ED591A493CE}.Release|Any CPU.ActiveCfg = Release|Any CPU
		{D86365F8-29F6-4AE0-8864-2ED591A493CE}.Release|Any CPU.Build.0 = Release|Any CPU
		{349A5C15-D51E-4941-9C54-D7A7234E26A7}.Debug|Any CPU.ActiveCfg = Debug|Any CPU
		{349A5C15-D51E-4941-9C54-D7A7234E26A7}.Debug|Any CPU.Build.0 = Debug|Any CPU
		{349A5C15-D51E-4941-9C54-D7A7234E26A7}.Release|Any CPU.ActiveCfg = Release|Any CPU
		{349A5C15-D51E-4941-9C54-D7A7234E26A7}.Release|Any CPU.Build.0 = Release|Any CPU
	EndGlobalSection
	GlobalSection(SolutionProperties) = preSolution
		HideSolutionNode = FALSE
	EndGlobalSection
	GlobalSection(NestedProjects) = preSolution
		{1537B23C-CB82-40D4-B2CF-5FBA8D650692} = {93202819-6F8E-489C-8050-146FD785BD1C}
		{997391BE-ADE6-4CAF-9779-AE31A169AF89} = {5AFB50E8-8104-42E3-A0F2-957561960804}
		{88FA9A24-07DC-4D2E-941E-7FBB26A1E29B} = {457F60E7-E148-44AC-86AF-670CF07FA85B}
		{D86365F8-29F6-4AE0-8864-2ED591A493CE} = {BF37974D-D471-4DCE-8142-588215737D94}
		{349A5C15-D51E-4941-9C54-D7A7234E26A7} = {BF37974D-D471-4DCE-8142-588215737D94}
	EndGlobalSection
	GlobalSection(ExtensibilityGlobals) = postSolution
		SolutionGuid = {54639FF8-71E5-4615-B80C-78081E227C3B}
	EndGlobalSection
EndGlobal
